
Microsoft Visual Studio Solution File, Format Version 12.00
# Visual Studio Version 17
VisualStudioVersion = 17.6.33829.357
MinimumVisualStudioVersion = 10.0.40219.1
Project("{FAE04EC0-301F-11D3-BF4B-00C04F79EFBC}") = "DataEntryProject", "DataEntryProject.csproj", "{67D342CD-40AE-40FD-989B-F93124C11C0F}"
EndProject
Global
	GlobalSection(SolutionConfigurationPlatforms) = preSolution
		Debug|Any CPU = Debug|Any CPU
		Release|Any CPU = Release|Any CPU
	EndGlobalSection
	GlobalSection(ProjectConfigurationPlatforms) = postSolution
		{67D342CD-40AE-40FD-989B-F93124C11C0F}.Debug|Any CPU.ActiveCfg = Debug|Any CPU
		{67D342CD-40AE-40FD-989B-F93124C11C0F}.Debug|Any CPU.Build.0 = Debug|Any CPU
		{67D342CD-40AE-40FD-989B-F93124C11C0F}.Release|Any CPU.ActiveCfg = Release|Any CPU
		{67D342CD-40AE-40FD-989B-F93124C11C0F}.Release|Any CPU.Build.0 = Release|Any CPU
	EndGlobalSection
	GlobalSection(SolutionProperties) = preSolution
		HideSolutionNode = FALSE
	EndGlobalSection
	GlobalSection(ExtensibilityGlobals) = postSolution
		SolutionGuid = {AF8493A2-64E8-4AC8-B67C-AF256E550F67}
	EndGlobalSection
EndGlobal
